
Microsoft Visual Studio Solution File, Format Version 12.00
# Visual Studio Version 16
VisualStudioVersion = 16.0.29009.5
MinimumVisualStudioVersion = 10.0.40219.1
Project("{8BC9CEB8-8B4A-11D0-8D11-00A0C91BC942}") = "OpenGLWindow", "OpenGLWindow.vcxproj", "{7C46CD98-673E-4E8A-9176-744383C4DC4F}"
	ProjectSection(ProjectDependencies) = postProject
		{E2EFFE36-31A5-47D6-8A4B-506501FF22CE} = {E2EFFE36-31A5-47D6-8A4B-506501FF22CE}
	EndProjectSection
EndProject
Project("{8BC9CEB8-8B4A-11D0-8D11-00A0C91BC942}") = "OpenGLRenderer", "..\OpenGLRenderer\OpenGLRenderer.vcxproj", "{E2EFFE36-31A5-47D6-8A4B-506501FF22CE}"
EndProject
Project("{8BC9CEB8-8B4A-11D0-8D11-00A0C91BC942}") = "FileLoaders", "..\FileLoaders\FileLoaders.vcxproj", "{8878E53D-FF1A-404C-A01A-ABD37DC97728}"
EndProject
Project("{8BC9CEB8-8B4A-11D0-8D11-00A0C91BC942}") = "DataModel", "..\DataModel\DataModel.vcxproj", "{DA268035-EB1C-4431-9729-04243BEBB95A}"
EndProject
Global
	GlobalSection(SolutionConfigurationPlatforms) = preSolution
		Debug|x64 = Debug|x64
		Debug|x86 = Debug|x86
		Release|x64 = Release|x64
		Release|x86 = Release|x86
	EndGlobalSection
	GlobalSection(ProjectConfigurationPlatforms) = postSolution
		{7C46CD98-673E-4E8A-9176-744383C4DC4F}.Debug|x64.ActiveCfg = Debug|x64
		{7C46CD98-673E-4E8A-9176-744383C4DC4F}.Debug|x64.Build.0 = Debug|x64
		{7C46CD98-673E-4E8A-9176-744383C4DC4F}.Debug|x86.ActiveCfg = Debug|Win32
		{7C46CD98-673E-4E8A-9176-744383C4DC4F}.Debug|x86.Build.0 = Debug|Win32
		{7C46CD98-673E-4E8A-9176-744383C4DC4F}.Release|x64.ActiveCfg = Release|x64
		{7C46CD98-673E-4E8A-9176-744383C4DC4F}.Release|x64.Build.0 = Release|x64
		{7C46CD98-673E-4E8A-9176-744383C4DC4F}.Release|x86.ActiveCfg = Release|Win32
		{7C46CD98-673E-4E8A-9176-744383C4DC4F}.Release|x86.Build.0 = Release|Win32
		{E2EFFE36-31A5-47D6-8A4B-506501FF22CE}.Debug|x64.ActiveCfg = Debug|x64
		{E2EFFE36-31A5-47D6-8A4B-506501FF22CE}.Debug|x64.Build.0 = Debug|x64
		{E2EFFE36-31A5-47D6-8A4B-506501FF22CE}.Debug|x86.ActiveCfg = Debug|Win32
		{E2EFFE36-31A5-47D6-8A4B-506501FF22CE}.Debug|x86.Build.0 = Debug|Win32
		{E2EFFE36-31A5-47D6-8A4B-506501FF22CE}.Release|x64.ActiveCfg = Release|x64
		{E2EFFE36-31A5-47D6-8A4B-506501FF22CE}.Release|x64.Build.0 = Release|x64
		{E2EFFE36-31A5-47D6-8A4B-506501FF22CE}.Release|x86.ActiveCfg = Release|Win32
		{E2EFFE36-31A5-47D6-8A4B-506501FF22CE}.Release|x86.Build.0 = Release|Win32
		{8878E53D-FF1A-404C-A01A-ABD37DC97728}.Debug|x64.ActiveCfg = Debug|x64
		{8878E53D-FF1A-404C-A01A-ABD37DC97728}.Debug|x64.Build.0 = Debug|x64
		{8878E53D-FF1A-404C-A01A-ABD37DC97728}.Debug|x86.ActiveCfg = Debug|Win32
		{8878E53D-FF1A-404C-A01A-ABD37DC97728}.Debug|x86.Build.0 = Debug|Win32
		{8878E53D-FF1A-404C-A01A-ABD37DC97728}.Release|x64.ActiveCfg = Release|x64
		{8878E53D-FF1A-404C-A01A-ABD37DC97728}.Release|x64.Build.0 = Release|x64
		{8878E53D-FF1A-404C-A01A-ABD37DC97728}.Release|x86.ActiveCfg = Release|Win32
		{8878E53D-FF1A-404C-A01A-ABD37DC97728}.Release|x86.Build.0 = Release|Win32
		{DA268035-EB1C-4431-9729-04243BEBB95A}.Debug|x64.ActiveCfg = Debug|x64
		{DA268035-EB1C-4431-9729-04243BEBB95A}.Debug|x64.Build.0 = Debug|x64
		{DA268035-EB1C-4431-9729-04243BEBB95A}.Debug|x86.ActiveCfg = Debug|Win32
		{DA268035-EB1C-4431-9729-04243BEBB95A}.Debug|x86.Build.0 = Debug|Win32
		{DA268035-EB1C-4431-9729-04243BEBB95A}.Release|x64.ActiveCfg = Release|x64
		{DA268035-EB1C-4431-9729-04243BEBB95A}.Release|x64.Build.0 = Release|x64
		{DA268035-EB1C-4431-9729-04243BEBB95A}.Release|x86.ActiveCfg = Release|Win32
		{DA268035-EB1C-4431-9729-04243BEBB95A}.Release|x86.Build.0 = Release|Win32
	EndGlobalSection
	GlobalSection(SolutionProperties) = preSolution
		HideSolutionNode = FALSE
	EndGlobalSection
	GlobalSection(ExtensibilityGlobals) = postSolution
		SolutionGuid = {DBFA6BD5-79EF-4FF7-81BF-0F80B108E18A}
	EndGlobalSection
EndGlobal
